
Microsoft Visual Studio Solution File, Format Version 12.00
# Visual Studio Version 17
VisualStudioVersion = 17.2.32519.379
MinimumVisualStudioVersion = 10.0.40219.1
Project("{9A19103F-16F7-4668-BE54-9A1E7A4F7556}") = "MoodAnalyser", "MoodAnalyser.csproj", "{274F8113-4E50-4B3B-A088-00CE6C47AD44}"
EndProject
Project("{FAE04EC0-301F-11D3-BF4B-00C04F79EFBC}") = "MoodTesting", "..\MoodTesting\MoodTesting.csproj", "{9F9B08BF-2634-417C-87BF-858642CD71EE}"
EndProject
Global
	GlobalSection(SolutionConfigurationPlatforms) = preSolution
		Debug|Any CPU = Debug|Any CPU
		Release|Any CPU = Release|Any CPU
	EndGlobalSection
	GlobalSection(ProjectConfigurationPlatforms) = postSolution
		{274F8113-4E50-4B3B-A088-00CE6C47AD44}.Debug|Any CPU.ActiveCfg = Debug|Any CPU
		{274F8113-4E50-4B3B-A088-00CE6C47AD44}.Debug|Any CPU.Build.0 = Debug|Any CPU
		{274F8113-4E50-4B3B-A088-00CE6C47AD44}.Release|Any CPU.ActiveCfg = Release|Any CPU
		{274F8113-4E50-4B3B-A088-00CE6C47AD44}.Release|Any CPU.Build.0 = Release|Any CPU
		{9F9B08BF-2634-417C-87BF-858642CD71EE}.Debug|Any CPU.ActiveCfg = Debug|Any CPU
		{9F9B08BF-2634-417C-87BF-858642CD71EE}.Debug|Any CPU.Build.0 = Debug|Any CPU
		{9F9B08BF-2634-417C-87BF-858642CD71EE}.Release|Any CPU.ActiveCfg = Release|Any CPU
		{9F9B08BF-2634-417C-87BF-858642CD71EE}.Release|Any CPU.Build.0 = Release|Any CPU
	EndGlobalSection
	GlobalSection(SolutionProperties) = preSolution
		HideSolutionNode = FALSE
	EndGlobalSection
	GlobalSection(ExtensibilityGlobals) = postSolution
		SolutionGuid = {8518F636-046F-4241-BE4E-D5A4D0243BDB}
	EndGlobalSection
EndGlobal
